{
  "name": "pipeline",
  "lockfileVersion": 2,
  "requires": true,
  "packages": {
    "": {
      "dependencies": {
        "react-media-recorder": "^1.6.6"
      }
    },
    "node_modules/@babel/runtime": {
      "version": "7.19.0",
      "resolved": "https://registry.npmjs.org/@babel/runtime/-/runtime-7.19.0.tgz",
      "integrity": "sha512-eR8Lo9hnDS7tqkO7NsV+mKvCmv5boaXFSZ70DnfhcgiEne8hv9oCEd36Klw74EtizEqLsy4YnW8UWwpBVolHZA==",
      "dependencies": {
        "regenerator-runtime": "^0.13.4"
      },
      "engines": {
        "node": ">=6.9.0"
      }
    },
    "node_modules/automation-events": {
      "version": "4.0.21",
      "resolved": "https://registry.npmjs.org/automation-events/-/automation-events-4.0.21.tgz",
      "integrity": "sha512-VJdSzclxoBVAqE4UAwmqPLHAM3EI2iYhZ2MADdQnjFlW/GE17B47aQ6y9JE9up2bf8f7I5RfqGhJM464jPMzww==",
      "dependencies": {
        "@babel/runtime": "^7.19.0",
        "tslib": "^2.4.0"
      },
      "engines": {
        "node": ">=12.20.1"
      }
    },
    "node_modules/broker-factory": {
      "version": "3.0.68",
      "resolved": "https://registry.npmjs.org/broker-factory/-/broker-factory-3.0.68.tgz",
      "integrity": "sha512-QrbDJ/7YwZ2+TuSreT8WMKrssIO3VjywMu5C5Jq+pJ+OkIVIXhUkxdBhNX2mmRXlzkU+jVXz8uMyRP+2uAgx8w==",
      "dependencies": {
        "@babel/runtime": "^7.19.0",
        "fast-unique-numbers": "^6.0.21",
        "tslib": "^2.4.0",
        "worker-factory": "^6.0.69"
      }
    },
    "node_modules/compilerr": {
      "version": "9.0.21",
      "resolved": "https://registry.npmjs.org/compilerr/-/compilerr-9.0.21.tgz",
      "integrity": "sha512-H6ZnGHPBiwVdWt8GbAPuQK4mmtRTJ5yucysgFFhGxmPoLCAmaMSxtvHNzhAAGNqBRZOTsGjkwT8clNw6CJcGgQ==",
      "dependencies": {
        "@babel/runtime": "^7.19.0",
        "dashify": "^2.0.0",
        "indefinite-article": "0.0.2",
        "tslib": "^2.4.0"
      },
      "engines": {
        "node": ">=12.20.1"
      }
    },
    "node_modules/dashify": {
      "version": "2.0.0",
      "resolved": "https://registry.npmjs.org/dashify/-/dashify-2.0.0.tgz",
      "integrity": "sha512-hpA5C/YrPjucXypHPPc0oJ1l9Hf6wWbiOL7Ik42cxnsUOhWiCB/fylKbKqqJalW9FgkNQCw16YO8uW9Hs0Iy1A==",
      "engines": {
        "node": ">=4"
      }
    },
    "node_modules/extendable-media-recorder": {
      "version": "6.6.10",
      "resolved": "https://registry.npmjs.org/extendable-media-recorder/-/extendable-media-recorder-6.6.10.tgz",
      "integrity": "sha512-gnSmLqDFq40ZdbGfuarnMLNqYPLCPpPr0p21V+g67wG4Pv2oCc/ga8sfsZrEM5GywEi7FcpyRm3z99JWZ/0aPw==",
      "dependencies": {
        "@babel/runtime": "^7.18.9",
        "media-encoder-host": "^8.0.76",
        "multi-buffer-data-view": "^3.0.20",
        "recorder-audio-worklet": "^5.1.26",
        "standardized-audio-context": "^25.3.29",
        "subscribable-things": "^2.1.6",
        "tslib": "^2.4.0"
      }
    },
    "node_modules/extendable-media-recorder-wav-encoder": {
      "version": "7.0.76",
      "resolved": "https://registry.npmjs.org/extendable-media-recorder-wav-encoder/-/extendable-media-recorder-wav-encoder-7.0.76.tgz",
      "integrity": "sha512-HLeyR9R0mUPOo7zG3d3GRWltNaSYUjyUZGQ8amRjuQVkZFXszmOIAAUVBq3fou0Z3V1mAEo+mXnCqbEfYtgZXQ==",
      "dependencies": {
        "@babel/runtime": "^7.19.0",
        "extendable-media-recorder-wav-encoder-broker": "^7.0.70",
        "extendable-media-recorder-wav-encoder-worker": "^8.0.69",
        "tslib": "^2.4.0"
      }
    },
    "node_modules/extendable-media-recorder-wav-encoder-broker": {
      "version": "7.0.70",
      "resolved": "https://registry.npmjs.org/extendable-media-recorder-wav-encoder-broker/-/extendable-media-recorder-wav-encoder-broker-7.0.70.tgz",
      "integrity": "sha512-nnVAxiLBdf0PLDXP/8+bKYYRs2PmoJMoJzpcDGOra8GsHIPS+ytmS+85DUFSYGxaxohrhovgN0jVXSyjJ6hQSQ==",
      "dependencies": {
        "@babel/runtime": "^7.19.0",
        "broker-factory": "^3.0.68",
        "extendable-media-recorder-wav-encoder-worker": "^8.0.69",
        "tslib": "^2.4.0"
      }
    },
    "node_modules/extendable-media-recorder-wav-encoder-worker": {
      "version": "8.0.69",
      "resolved": "https://registry.npmjs.org/extendable-media-recorder-wav-encoder-worker/-/extendable-media-recorder-wav-encoder-worker-8.0.69.tgz",
      "integrity": "sha512-8RJgKYTTHkzDoCWrnPMMqX+TyJpwzP9lwqxQWDpa9J5J1DP0SybgoYWP8Dtty/R5xT344lU+NKo7g1661i7Ujg==",
      "dependencies": {
        "@babel/runtime": "^7.19.0",
        "tslib": "^2.4.0",
        "worker-factory": "^6.0.69"
      }
    },
    "node_modules/fast-unique-numbers": {
      "version": "6.0.21",
      "resolved": "https://registry.npmjs.org/fast-unique-numbers/-/fast-unique-numbers-6.0.21.tgz",
      "integrity": "sha512-MW8UAAypyhNtbnMlSch9EiEAuiMo1y6O02WzI5mcHAzvirdIm/hXMVp4QH9ijWnU1xzW23GXk6Bf+5B1kv9hzw==",
      "dependencies": {
        "@babel/runtime": "^7.19.0",
        "tslib": "^2.4.0"
      },
      "engines": {
        "node": ">=12.20.1"
      }
    },
    "node_modules/indefinite-article": {
      "version": "0.0.2",
      "resolved": "https://registry.npmjs.org/indefinite-article/-/indefinite-article-0.0.2.tgz",
      "integrity": "sha512-Au/2XzRkvxq2J6w5uvSSbBKPZ5kzINx5F2wb0SF8xpRL8BP9Lav81TnRbfPp6p+SYjYxwaaLn4EUwI3/MmYKSw=="
    },
    "node_modules/media-encoder-host": {
      "version": "8.0.78",
      "resolved": "https://registry.npmjs.org/media-encoder-host/-/media-encoder-host-8.0.78.tgz",
      "integrity": "sha512-kobfdkFcfp8w2SkPY8ISHzG6L7o8tgtIvXtK5/j1hfZGZxqf0sxxXEzU9WFm9jNKnlgko6RSZhPzD24w60I4zQ==",
      "dependencies": {
        "@babel/runtime": "^7.19.0",
        "media-encoder-host-broker": "^7.0.70",
        "media-encoder-host-worker": "^9.0.70",
        "tslib": "^2.4.0"
      }
    },
    "node_modules/media-encoder-host-broker": {
      "version": "7.0.70",
      "resolved": "https://registry.npmjs.org/media-encoder-host-broker/-/media-encoder-host-broker-7.0.70.tgz",
      "integrity": "sha512-ixixE9auojgUHEIQHYvJ75vPxetkHreIfxK20SQ4ZoZSO/vRj4+up72rETMbj2e0UO7xnDJqADsx+sfkoV2eVA==",
      "dependencies": {
        "@babel/runtime": "^7.19.0",
        "broker-factory": "^3.0.68",
        "fast-unique-numbers": "^6.0.21",
        "media-encoder-host-worker": "^9.0.70",
        "tslib": "^2.4.0"
      }
    },
    "node_modules/media-encoder-host-worker": {
      "version": "9.0.70",
      "resolved": "https://registry.npmjs.org/media-encoder-host-worker/-/media-encoder-host-worker-9.0.70.tgz",
      "integrity": "sha512-ttZAvG0osaOTl6C1OMIzZzFQ/ZIBiRDHyrfcM0d+ZF65tAjLtA53vWoINcgwRBEwc4P62y9a12pbujB1ZdCU6Q==",
      "dependencies": {
        "@babel/runtime": "^7.19.0",
        "extendable-media-recorder-wav-encoder-broker": "^7.0.70",
        "tslib": "^2.4.0",
        "worker-factory": "^6.0.69"
      }
    },
    "node_modules/multi-buffer-data-view": {
      "version": "3.0.21",
      "resolved": "https://registry.npmjs.org/multi-buffer-data-view/-/multi-buffer-data-view-3.0.21.tgz",
      "integrity": "sha512-K/v5mjWMbJEgiZzn6Pr7+jKoKuChY6GdQEeiKNWhIi0QILXzJmUvuho85z6AYYh38Ua2kGY/5E3qs2ceoZ8chA==",
      "dependencies": {
        "@babel/runtime": "^7.19.0",
        "tslib": "^2.4.0"
      },
      "engines": {
        "node": ">=12.20.1"
      }
    },
    "node_modules/react-media-recorder": {
      "version": "1.6.6",
      "resolved": "https://registry.npmjs.org/react-media-recorder/-/react-media-recorder-1.6.6.tgz",
      "integrity": "sha512-VdC4bUINMWJyqOAHw1DaZ8HZhdCyVBK85zJ4cHMo9tsrekui3wq5ZxNtBmNe6nbAFQBTNj/pRnLEsiVrCW+TNQ==",
      "dependencies": {
        "extendable-media-recorder": "^6.6.5",
        "extendable-media-recorder-wav-encoder": "^7.0.68"
      }
    },
    "node_modules/recorder-audio-worklet": {
      "version": "5.1.30",
      "resolved": "https://registry.npmjs.org/recorder-audio-worklet/-/recorder-audio-worklet-5.1.30.tgz",
      "integrity": "sha512-jq11HmeESjE99zhZbH+fM06f7kaD+ZsdOnUKlt6WApiXEJJCi3ycnklKWXiS7OokuxycnaAHxswvVWiv0RQV/A==",
      "dependencies": {
        "@babel/runtime": "^7.19.0",
        "broker-factory": "^3.0.68",
        "fast-unique-numbers": "^6.0.21",
        "recorder-audio-worklet-processor": "^4.2.15",
        "standardized-audio-context": "^25.3.32",
        "subscribable-things": "^2.1.7",
        "tslib": "^2.4.0",
        "worker-factory": "^6.0.69"
      }
    },
    "node_modules/recorder-audio-worklet-processor": {
      "version": "4.2.15",
      "resolved": "https://registry.npmjs.org/recorder-audio-worklet-processor/-/recorder-audio-worklet-processor-4.2.15.tgz",
      "integrity": "sha512-5QTJKukH8JcQR1f2FqZsQ1QD2aoc6/+tM0WPv8sqEI4THzbiMfH4VuWF3BfdL2F9mRjLo81nFC9OShCj87wMhg==",
      "dependencies": {
        "@babel/runtime": "^7.19.0",
        "tslib": "^2.4.0"
      }
    },
    "node_modules/regenerator-runtime": {
      "version": "0.13.9",
      "resolved": "https://registry.npmjs.org/regenerator-runtime/-/regenerator-runtime-0.13.9.tgz",
      "integrity": "sha512-p3VT+cOEgxFsRRA9X4lkI1E+k2/CtnKtU4gcxyaCUreilL/vqI6CdZ3wxVUx3UOUg+gnUOQQcRI7BmSI656MYA=="
    },
    "node_modules/rxjs-interop": {
      "version": "2.0.0",
      "resolved": "https://registry.npmjs.org/rxjs-interop/-/rxjs-interop-2.0.0.tgz",
      "integrity": "sha512-ASEq9atUw7lualXB+knvgtvwkCEvGWV2gDD/8qnASzBkzEARZck9JAyxmY8OS6Nc1pCPEgDTKNcx+YqqYfzArw=="
    },
    "node_modules/standardized-audio-context": {
      "version": "25.3.32",
      "resolved": "https://registry.npmjs.org/standardized-audio-context/-/standardized-audio-context-25.3.32.tgz",
      "integrity": "sha512-TtnRZGzHaTowIrEPo7w7WK74TrrY885NpplFpD79h85YuUAUBrUGifHlh8GK11oyZHfwDtCV29yFPfIHWotrXg==",
      "dependencies": {
        "@babel/runtime": "^7.19.0",
        "automation-events": "^4.0.21",
        "tslib": "^2.4.0"
      }
    },
    "node_modules/subscribable-things": {
      "version": "2.1.7",
      "resolved": "https://registry.npmjs.org/subscribable-things/-/subscribable-things-2.1.7.tgz",
      "integrity": "sha512-z8CMs8i0KSz69Lk83db40io5OEEq4TeuB/g6Z8tpSzmG20oNAL+C2Uys7XAOvcU4Iqrvvc/gcdFLRn6bi1Gb/w==",
      "dependencies": {
        "@babel/runtime": "^7.19.0",
        "rxjs-interop": "^2.0.0",
        "tslib": "^2.4.0"
      }
    },
    "node_modules/tslib": {
      "version": "2.4.0",
      "resolved": "https://registry.npmjs.org/tslib/-/tslib-2.4.0.tgz",
      "integrity": "sha512-d6xOpEDfsi2CZVlPQzGeux8XMwLT9hssAsaPYExaQMuYskwb+x1x7J371tWlbBdWHroy99KnVB6qIkUbs5X3UQ=="
    },
    "node_modules/worker-factory": {
      "version": "6.0.69",
      "resolved": "https://registry.npmjs.org/worker-factory/-/worker-factory-6.0.69.tgz",
      "integrity": "sha512-vut3DexCAyRicCuvfUAhOAlt7s4segcDutnqAH/ybxbpYzDu4qLfkmpEzfinbGCkPffTzXq64XulaSdqVG3Ncw==",
      "dependencies": {
        "@babel/runtime": "^7.19.0",
        "compilerr": "^9.0.21",
        "fast-unique-numbers": "^6.0.21",
        "tslib": "^2.4.0"
      }
    }
  },
  "dependencies": {
    "@babel/runtime": {
      "version": "7.19.0",
      "resolved": "https://registry.npmjs.org/@babel/runtime/-/runtime-7.19.0.tgz",
      "integrity": "sha512-eR8Lo9hnDS7tqkO7NsV+mKvCmv5boaXFSZ70DnfhcgiEne8hv9oCEd36Klw74EtizEqLsy4YnW8UWwpBVolHZA==",
      "requires": {
        "regenerator-runtime": "^0.13.4"
      }
    },
    "automation-events": {
      "version": "4.0.21",
      "resolved": "https://registry.npmjs.org/automation-events/-/automation-events-4.0.21.tgz",
      "integrity": "sha512-VJdSzclxoBVAqE4UAwmqPLHAM3EI2iYhZ2MADdQnjFlW/GE17B47aQ6y9JE9up2bf8f7I5RfqGhJM464jPMzww==",
      "requires": {
        "@babel/runtime": "^7.19.0",
        "tslib": "^2.4.0"
      }
    },
    "broker-factory": {
      "version": "3.0.68",
      "resolved": "https://registry.npmjs.org/broker-factory/-/broker-factory-3.0.68.tgz",
      "integrity": "sha512-QrbDJ/7YwZ2+TuSreT8WMKrssIO3VjywMu5C5Jq+pJ+OkIVIXhUkxdBhNX2mmRXlzkU+jVXz8uMyRP+2uAgx8w==",
      "requires": {
        "@babel/runtime": "^7.19.0",
        "fast-unique-numbers": "^6.0.21",
        "tslib": "^2.4.0",
        "worker-factory": "^6.0.69"
      }
    },
    "compilerr": {
      "version": "9.0.21",
      "resolved": "https://registry.npmjs.org/compilerr/-/compilerr-9.0.21.tgz",
      "integrity": "sha512-H6ZnGHPBiwVdWt8GbAPuQK4mmtRTJ5yucysgFFhGxmPoLCAmaMSxtvHNzhAAGNqBRZOTsGjkwT8clNw6CJcGgQ==",
      "requires": {
        "@babel/runtime": "^7.19.0",
        "dashify": "^2.0.0",
        "indefinite-article": "0.0.2",
        "tslib": "^2.4.0"
      }
    },
    "dashify": {
      "version": "2.0.0",
      "resolved": "https://registry.npmjs.org/dashify/-/dashify-2.0.0.tgz",
      "integrity": "sha512-hpA5C/YrPjucXypHPPc0oJ1l9Hf6wWbiOL7Ik42cxnsUOhWiCB/fylKbKqqJalW9FgkNQCw16YO8uW9Hs0Iy1A=="
    },
    "extendable-media-recorder": {
      "version": "6.6.10",
      "resolved": "https://registry.npmjs.org/extendable-media-recorder/-/extendable-media-recorder-6.6.10.tgz",
      "integrity": "sha512-gnSmLqDFq40ZdbGfuarnMLNqYPLCPpPr0p21V+g67wG4Pv2oCc/ga8sfsZrEM5GywEi7FcpyRm3z99JWZ/0aPw==",
      "requires": {
        "@babel/runtime": "^7.18.9",
        "media-encoder-host": "^8.0.76",
        "multi-buffer-data-view": "^3.0.20",
        "recorder-audio-worklet": "^5.1.26",
        "standardized-audio-context": "^25.3.29",
        "subscribable-things": "^2.1.6",
        "tslib": "^2.4.0"
      }
    },
    "extendable-media-recorder-wav-encoder": {
      "version": "7.0.76",
      "resolved": "https://registry.npmjs.org/extendable-media-recorder-wav-encoder/-/extendable-media-recorder-wav-encoder-7.0.76.tgz",
      "integrity": "sha512-HLeyR9R0mUPOo7zG3d3GRWltNaSYUjyUZGQ8amRjuQVkZFXszmOIAAUVBq3fou0Z3V1mAEo+mXnCqbEfYtgZXQ==",
      "requires": {
        "@babel/runtime": "^7.19.0",
        "extendable-media-recorder-wav-encoder-broker": "^7.0.70",
        "extendable-media-recorder-wav-encoder-worker": "^8.0.69",
        "tslib": "^2.4.0"
      }
    },
    "extendable-media-recorder-wav-encoder-broker": {
      "version": "7.0.70",
      "resolved": "https://registry.npmjs.org/extendable-media-recorder-wav-encoder-broker/-/extendable-media-recorder-wav-encoder-broker-7.0.70.tgz",
      "integrity": "sha512-nnVAxiLBdf0PLDXP/8+bKYYRs2PmoJMoJzpcDGOra8GsHIPS+ytmS+85DUFSYGxaxohrhovgN0jVXSyjJ6hQSQ==",
      "requires": {
        "@babel/runtime": "^7.19.0",
        "broker-factory": "^3.0.68",
        "extendable-media-recorder-wav-encoder-worker": "^8.0.69",
        "tslib": "^2.4.0"
      }
    },
    "extendable-media-recorder-wav-encoder-worker": {
      "version": "8.0.69",
      "resolved": "https://registry.npmjs.org/extendable-media-recorder-wav-encoder-worker/-/extendable-media-recorder-wav-encoder-worker-8.0.69.tgz",
      "integrity": "sha512-8RJgKYTTHkzDoCWrnPMMqX+TyJpwzP9lwqxQWDpa9J5J1DP0SybgoYWP8Dtty/R5xT344lU+NKo7g1661i7Ujg==",
      "requires": {
        "@babel/runtime": "^7.19.0",
        "tslib": "^2.4.0",
        "worker-factory": "^6.0.69"
      }
    },
    "fast-unique-numbers": {
      "version": "6.0.21",
      "resolved": "https://registry.npmjs.org/fast-unique-numbers/-/fast-unique-numbers-6.0.21.tgz",
      "integrity": "sha512-MW8UAAypyhNtbnMlSch9EiEAuiMo1y6O02WzI5mcHAzvirdIm/hXMVp4QH9ijWnU1xzW23GXk6Bf+5B1kv9hzw==",
      "requires": {
        "@babel/runtime": "^7.19.0",
        "tslib": "^2.4.0"
      }
    },
    "indefinite-article": {
      "version": "0.0.2",
      "resolved": "https://registry.npmjs.org/indefinite-article/-/indefinite-article-0.0.2.tgz",
      "integrity": "sha512-Au/2XzRkvxq2J6w5uvSSbBKPZ5kzINx5F2wb0SF8xpRL8BP9Lav81TnRbfPp6p+SYjYxwaaLn4EUwI3/MmYKSw=="
    },
    "media-encoder-host": {
      "version": "8.0.78",
      "resolved": "https://registry.npmjs.org/media-encoder-host/-/media-encoder-host-8.0.78.tgz",
      "integrity": "sha512-kobfdkFcfp8w2SkPY8ISHzG6L7o8tgtIvXtK5/j1hfZGZxqf0sxxXEzU9WFm9jNKnlgko6RSZhPzD24w60I4zQ==",
      "requires": {
        "@babel/runtime": "^7.19.0",
        "media-encoder-host-broker": "^7.0.70",
        "media-encoder-host-worker": "^9.0.70",
        "tslib": "^2.4.0"
      }
    },
    "media-encoder-host-broker": {
      "version": "7.0.70",
      "resolved": "https://registry.npmjs.org/media-encoder-host-broker/-/media-encoder-host-broker-7.0.70.tgz",
      "integrity": "sha512-ixixE9auojgUHEIQHYvJ75vPxetkHreIfxK20SQ4ZoZSO/vRj4+up72rETMbj2e0UO7xnDJqADsx+sfkoV2eVA==",
      "requires": {
        "@babel/runtime": "^7.19.0",
        "broker-factory": "^3.0.68",
        "fast-unique-numbers": "^6.0.21",
        "media-encoder-host-worker": "^9.0.70",
        "tslib": "^2.4.0"
      }
    },
    "media-encoder-host-worker": {
      "version": "9.0.70",
      "resolved": "https://registry.npmjs.org/media-encoder-host-worker/-/media-encoder-host-worker-9.0.70.tgz",
      "integrity": "sha512-ttZAvG0osaOTl6C1OMIzZzFQ/ZIBiRDHyrfcM0d+ZF65tAjLtA53vWoINcgwRBEwc4P62y9a12pbujB1ZdCU6Q==",
      "requires": {
        "@babel/runtime": "^7.19.0",
        "extendable-media-recorder-wav-encoder-broker": "^7.0.70",
        "tslib": "^2.4.0",
        "worker-factory": "^6.0.69"
      }
    },
    "multi-buffer-data-view": {
      "version": "3.0.21",
      "resolved": "https://registry.npmjs.org/multi-buffer-data-view/-/multi-buffer-data-view-3.0.21.tgz",
      "integrity": "sha512-K/v5mjWMbJEgiZzn6Pr7+jKoKuChY6GdQEeiKNWhIi0QILXzJmUvuho85z6AYYh38Ua2kGY/5E3qs2ceoZ8chA==",
      "requires": {
        "@babel/runtime": "^7.19.0",
        "tslib": "^2.4.0"
      }
    },
    "react-media-recorder": {
      "version": "1.6.6",
      "resolved": "https://registry.npmjs.org/react-media-recorder/-/react-media-recorder-1.6.6.tgz",
      "integrity": "sha512-VdC4bUINMWJyqOAHw1DaZ8HZhdCyVBK85zJ4cHMo9tsrekui3wq5ZxNtBmNe6nbAFQBTNj/pRnLEsiVrCW+TNQ==",
      "requires": {
        "extendable-media-recorder": "^6.6.5",
        "extendable-media-recorder-wav-encoder": "^7.0.68"
      }
    },
    "recorder-audio-worklet": {
      "version": "5.1.30",
      "resolved": "https://registry.npmjs.org/recorder-audio-worklet/-/recorder-audio-worklet-5.1.30.tgz",
      "integrity": "sha512-jq11HmeESjE99zhZbH+fM06f7kaD+ZsdOnUKlt6WApiXEJJCi3ycnklKWXiS7OokuxycnaAHxswvVWiv0RQV/A==",
      "requires": {
        "@babel/runtime": "^7.19.0",
        "broker-factory": "^3.0.68",
        "fast-unique-numbers": "^6.0.21",
        "recorder-audio-worklet-processor": "^4.2.15",
        "standardized-audio-context": "^25.3.32",
        "subscribable-things": "^2.1.7",
        "tslib": "^2.4.0",
        "worker-factory": "^6.0.69"
      }
    },
    "recorder-audio-worklet-processor": {
      "version": "4.2.15",
      "resolved": "https://registry.npmjs.org/recorder-audio-worklet-processor/-/recorder-audio-worklet-processor-4.2.15.tgz",
      "integrity": "sha512-5QTJKukH8JcQR1f2FqZsQ1QD2aoc6/+tM0WPv8sqEI4THzbiMfH4VuWF3BfdL2F9mRjLo81nFC9OShCj87wMhg==",
      "requires": {
        "@babel/runtime": "^7.19.0",
        "tslib": "^2.4.0"
      }
    },
    "regenerator-runtime": {
      "version": "0.13.9",
      "resolved": "https://registry.npmjs.org/regenerator-runtime/-/regenerator-runtime-0.13.9.tgz",
      "integrity": "sha512-p3VT+cOEgxFsRRA9X4lkI1E+k2/CtnKtU4gcxyaCUreilL/vqI6CdZ3wxVUx3UOUg+gnUOQQcRI7BmSI656MYA=="
    },
    "rxjs-interop": {
      "version": "2.0.0",
      "resolved": "https://registry.npmjs.org/rxjs-interop/-/rxjs-interop-2.0.0.tgz",
      "integrity": "sha512-ASEq9atUw7lualXB+knvgtvwkCEvGWV2gDD/8qnASzBkzEARZck9JAyxmY8OS6Nc1pCPEgDTKNcx+YqqYfzArw=="
    },
    "standardized-audio-context": {
      "version": "25.3.32",
      "resolved": "https://registry.npmjs.org/standardized-audio-context/-/standardized-audio-context-25.3.32.tgz",
      "integrity": "sha512-TtnRZGzHaTowIrEPo7w7WK74TrrY885NpplFpD79h85YuUAUBrUGifHlh8GK11oyZHfwDtCV29yFPfIHWotrXg==",
      "requires": {
        "@babel/runtime": "^7.19.0",
        "automation-events": "^4.0.21",
        "tslib": "^2.4.0"
      }
    },
    "subscribable-things": {
      "version": "2.1.7",
      "resolved": "https://registry.npmjs.org/subscribable-things/-/subscribable-things-2.1.7.tgz",
      "integrity": "sha512-z8CMs8i0KSz69Lk83db40io5OEEq4TeuB/g6Z8tpSzmG20oNAL+C2Uys7XAOvcU4Iqrvvc/gcdFLRn6bi1Gb/w==",
      "requires": {
        "@babel/runtime": "^7.19.0",
        "rxjs-interop": "^2.0.0",
        "tslib": "^2.4.0"
      }
    },
    "tslib": {
      "version": "2.4.0",
      "resolved": "https://registry.npmjs.org/tslib/-/tslib-2.4.0.tgz",
      "integrity": "sha512-d6xOpEDfsi2CZVlPQzGeux8XMwLT9hssAsaPYExaQMuYskwb+x1x7J371tWlbBdWHroy99KnVB6qIkUbs5X3UQ=="
    },
    "worker-factory": {
      "version": "6.0.69",
      "resolved": "https://registry.npmjs.org/worker-factory/-/worker-factory-6.0.69.tgz",
      "integrity": "sha512-vut3DexCAyRicCuvfUAhOAlt7s4segcDutnqAH/ybxbpYzDu4qLfkmpEzfinbGCkPffTzXq64XulaSdqVG3Ncw==",
      "requires": {
        "@babel/runtime": "^7.19.0",
        "compilerr": "^9.0.21",
        "fast-unique-numbers": "^6.0.21",
        "tslib": "^2.4.0"
      }
    }
  }
}
